
Microsoft Visual Studio Solution File, Format Version 12.00
# Visual Studio Version 17
VisualStudioVersion = 17.10.35027.167
MinimumVisualStudioVersion = 10.0.40219.1
Project("{FAE04EC0-301F-11D3-BF4B-00C04F79EFBC}") = "KOLEGIO", "KOLEGIO\KOLEGIO.csproj", "{7CE741D6-03DA-4360-B1B0-82738A40B061}"
EndProject
Project("{FAE04EC0-301F-11D3-BF4B-00C04F79EFBC}") = "Framework", "Framework\Framework\Framework.csproj", "{F645C62B-361D-4C56-8505-597FD79AF9C0}"
EndProject
Project("{FAE04EC0-301F-11D3-BF4B-00C04F79EFBC}") = "ObjectListView2012", "Framework\ObjectListView\ObjectListView2012.csproj", "{18FEDA0C-D147-4286-B39A-01204808106A}"
EndProject
Global
	GlobalSection(SolutionConfigurationPlatforms) = preSolution
		Debug|Any CPU = Debug|Any CPU
		Release|Any CPU = Release|Any CPU
	EndGlobalSection
	GlobalSection(ProjectConfigurationPlatforms) = postSolution
		{7CE741D6-03DA-4360-B1B0-82738A40B061}.Debug|Any CPU.ActiveCfg = Debug|Any CPU
		{7CE741D6-03DA-4360-B1B0-82738A40B061}.Debug|Any CPU.Build.0 = Debug|Any CPU
		{7CE741D6-03DA-4360-B1B0-82738A40B061}.Release|Any CPU.ActiveCfg = Release|Any CPU
		{7CE741D6-03DA-4360-B1B0-82738A40B061}.Release|Any CPU.Build.0 = Release|Any CPU
		{F645C62B-361D-4C56-8505-597FD79AF9C0}.Debug|Any CPU.ActiveCfg = Debug|Any CPU
		{F645C62B-361D-4C56-8505-597FD79AF9C0}.Debug|Any CPU.Build.0 = Debug|Any CPU
		{F645C62B-361D-4C56-8505-597FD79AF9C0}.Release|Any CPU.ActiveCfg = Release|Any CPU
		{F645C62B-361D-4C56-8505-597FD79AF9C0}.Release|Any CPU.Build.0 = Release|Any CPU
		{18FEDA0C-D147-4286-B39A-01204808106A}.Debug|Any CPU.ActiveCfg = Debug|Any CPU
		{18FEDA0C-D147-4286-B39A-01204808106A}.Debug|Any CPU.Build.0 = Debug|Any CPU
		{18FEDA0C-D147-4286-B39A-01204808106A}.Release|Any CPU.ActiveCfg = Release|Any CPU
		{18FEDA0C-D147-4286-B39A-01204808106A}.Release|Any CPU.Build.0 = Release|Any CPU
	EndGlobalSection
	GlobalSection(SolutionProperties) = preSolution
		HideSolutionNode = FALSE
	EndGlobalSection
	GlobalSection(ExtensibilityGlobals) = postSolution
		SolutionGuid = {0F933E06-0F89-4162-A919-7F1CE9E3E0FA}
	EndGlobalSection
EndGlobal
